# poetry.lock - ProjectPartner Lockfile
[[package]]
name = "flask"
version = "3.0.2"
description = "A simple framework for building complex web applications."
files = []

[[package]]
name = "flask-sqlalchemy"
version = "3.1.1"
description = "Adds SQLAlchemy support to your Flask application."
files = []

[[package]]
name = "flask-login"
version = "0.6.3"
description = "User session management for Flask."
files = []

[[package]]
name = "reportlab"
version = "4.1.0"
description = "The ReportLab Toolkit. An Open Source Python library for generating PDFs and graphics."
files = []

[[package]]
name = "scikit-learn"
version = "1.4.1"
description = "A set of python modules for machine learning and data mining."
files = []
